
Microsoft Visual Studio Solution File, Format Version 12.00
# Visual Studio Version 17
VisualStudioVersion = 17.11.35303.130
MinimumVisualStudioVersion = 10.0.40219.1
Project("{FAE04EC0-301F-11D3-BF4B-00C04F79EFBC}") = "Aula3", "Aula3\Aula3.csproj", "{4DA254E5-1344-40F6-AAD5-E5ADE46C6DF1}"
EndProject
Global
	GlobalSection(SolutionConfigurationPlatforms) = preSolution
		Debug|Any CPU = Debug|Any CPU
		Release|Any CPU = Release|Any CPU
	EndGlobalSection
	GlobalSection(ProjectConfigurationPlatforms) = postSolution
		{4DA254E5-1344-40F6-AAD5-E5ADE46C6DF1}.Debug|Any CPU.ActiveCfg = Debug|Any CPU
		{4DA254E5-1344-40F6-AAD5-E5ADE46C6DF1}.Debug|Any CPU.Build.0 = Debug|Any CPU
		{4DA254E5-1344-40F6-AAD5-E5ADE46C6DF1}.Release|Any CPU.ActiveCfg = Release|Any CPU
		{4DA254E5-1344-40F6-AAD5-E5ADE46C6DF1}.Release|Any CPU.Build.0 = Release|Any CPU
	EndGlobalSection
	GlobalSection(SolutionProperties) = preSolution
		HideSolutionNode = FALSE
	EndGlobalSection
	GlobalSection(ExtensibilityGlobals) = postSolution
		SolutionGuid = {04696848-9D9D-4502-A111-505505BECD87}
	EndGlobalSection
EndGlobal
