
Microsoft Visual Studio Solution File, Format Version 12.00
# Visual Studio Version 17
VisualStudioVersion = 17.11.35303.130
MinimumVisualStudioVersion = 10.0.40219.1
Project("{FAE04EC0-301F-11D3-BF4B-00C04F79EFBC}") = "WinFormsAplicativo_App2", "WinFormsAplicativo_App2\WinFormsAplicativo_App2.csproj", "{8E6DF2C0-1F95-424F-91E9-8044A2E176BE}"
EndProject
Global
	GlobalSection(SolutionConfigurationPlatforms) = preSolution
		Debug|Any CPU = Debug|Any CPU
		Release|Any CPU = Release|Any CPU
	EndGlobalSection
	GlobalSection(ProjectConfigurationPlatforms) = postSolution
		{8E6DF2C0-1F95-424F-91E9-8044A2E176BE}.Debug|Any CPU.ActiveCfg = Debug|Any CPU
		{8E6DF2C0-1F95-424F-91E9-8044A2E176BE}.Debug|Any CPU.Build.0 = Debug|Any CPU
		{8E6DF2C0-1F95-424F-91E9-8044A2E176BE}.Release|Any CPU.ActiveCfg = Release|Any CPU
		{8E6DF2C0-1F95-424F-91E9-8044A2E176BE}.Release|Any CPU.Build.0 = Release|Any CPU
	EndGlobalSection
	GlobalSection(SolutionProperties) = preSolution
		HideSolutionNode = FALSE
	EndGlobalSection
	GlobalSection(ExtensibilityGlobals) = postSolution
		SolutionGuid = {0310FC1B-FCE3-4178-A27F-F6269967143A}
	EndGlobalSection
EndGlobal
